// !$*UTF8*$!
{
	archiveVersion = 1;
	classes = {
	};
	objectVersion = 50;
	objects = {

/* Begin PBXBuildFile section */
		0983664F229CCE7D001A1528 /* AppDelegate.swift in Sources */ = {isa = PBXBuildFile; fileRef = 0983664E229CCE7D001A1528 /* AppDelegate.swift */; };
		09836651229CCE7D001A1528 /* FirstViewController.swift in Sources */ = {isa = PBXBuildFile; fileRef = 09836650229CCE7D001A1528 /* FirstViewController.swift */; };
		09836653229CCE7D001A1528 /* SecondViewController.swift in Sources */ = {isa = PBXBuildFile; fileRef = 09836652229CCE7D001A1528 /* SecondViewController.swift */; };
		09836656229CCE7D001A1528 /* Main.storyboard in Resources */ = {isa = PBXBuildFile; fileRef = 09836654229CCE7D001A1528 /* Main.storyboard */; };
		09836658229CCE7E001A1528 /* Assets.xcassets in Resources */ = {isa = PBXBuildFile; fileRef = 09836657229CCE7E001A1528 /* Assets.xcassets */; };
		0983665B229CCE7E001A1528 /* LaunchScreen.storyboard in Resources */ = {isa = PBXBuildFile; fileRef = 09836659229CCE7E001A1528 /* LaunchScreen.storyboard */; };
		09836666229CCE7E001A1528 /* TodoListTests.swift in Sources */ = {isa = PBXBuildFile; fileRef = 09836665229CCE7E001A1528 /* TodoListTests.swift */; };
		09836671229CCE7E001A1528 /* TodoListUITests.swift in Sources */ = {isa = PBXBuildFile; fileRef = 09836670229CCE7E001A1528 /* TodoListUITests.swift */; };
/* End PBXBuildFile section */

/* Begin PBXContainerItemProxy section */
		09836662229CCE7E001A1528 /* PBXContainerItemProxy */ = {
			isa = PBXContainerItemProxy;
			containerPortal = 09836643229CCE7D001A1528 /* Project object */;
			proxyType = 1;
			remoteGlobalIDString = 0983664A229CCE7D001A1528;
			remoteInfo = TodoList;
		};
		0983666D229CCE7E001A1528 /* PBXContainerItemProxy */ = {
			isa = PBXContainerItemProxy;
			containerPortal = 09836643229CCE7D001A1528 /* Project object */;
			proxyType = 1;
			remoteGlobalIDString = 0983664A229CCE7D001A1528;
			remoteInfo = TodoList;
		};
/* End PBXContainerItemProxy section */

/* Begin PBXFileReference section */
		0983664B229CCE7D001A1528 /* TodoList.app */ = {isa = PBXFileReference; explicitFileType = wrapper.application; includeInIndex = 0; path = TodoList.app; sourceTree = BUILT_PRODUCTS_DIR; };
		0983664E229CCE7D001A1528 /* AppDelegate.swift */ = {isa = PBXFileReference; lastKnownFileType = sourcecode.swift; path = AppDelegate.swift; sourceTree = "<group>"; };
		09836650229CCE7D001A1528 /* FirstViewController.swift */ = {isa = PBXFileReference; lastKnownFileType = sourcecode.swift; path = FirstViewController.swift; sourceTree = "<group>"; };
		09836652229CCE7D001A1528 /* SecondViewController.swift */ = {isa = PBXFileReference; lastKnownFileType = sourcecode.swift; path = SecondViewController.swift; sourceTree = "<group>"; };
		09836655229CCE7D001A1528 /* Base */ = {isa = PBXFileReference; lastKnownFileType = file.storyboard; name = Base; path = Base.lproj/Main.storyboard; sourceTree = "<group>"; };
		09836657229CCE7E001A1528 /* Assets.xcassets */ = {isa = PBXFileReference; lastKnownFileType = folder.assetcatalog; path = Assets.xcassets; sourceTree = "<group>"; };
		0983665A229CCE7E001A1528 /* Base */ = {isa = PBXFileReference; lastKnownFileType = file.storyboard; name = Base; path = Base.lproj/LaunchScreen.storyboard; sourceTree = "<group>"; };
		0983665C229CCE7E001A1528 /* Info.plist */ = {isa = PBXFileReference; lastKnownFileType = text.plist.xml; path = Info.plist; sourceTree = "<group>"; };
		09836661229CCE7E001A1528 /* TodoListTests.xctest */ = {isa = PBXFileReference; explicitFileType = wrapper.cfbundle; includeInIndex = 0; path = TodoListTests.xctest; sourceTree = BUILT_PRODUCTS_DIR; };
		09836665229CCE7E001A1528 /* TodoListTests.swift */ = {isa = PBXFileReference; lastKnownFileType = sourcecode.swift; path = TodoListTests.swift; sourceTree = "<group>"; };
		09836667229CCE7E001A1528 /* Info.plist */ = {isa = PBXFileReference; lastKnownFileType = text.plist.xml; path = Info.plist; sourceTree = "<group>"; };
		0983666C229CCE7E001A1528 /* TodoListUITests.xctest */ = {isa = PBXFileReference; explicitFileType = wrapper.cfbundle; includeInIndex = 0; path = TodoListUITests.xctest; sourceTree = BUILT_PRODUCTS_DIR; };
		09836670229CCE7E001A1528 /* TodoListUITests.swift */ = {isa = PBXFileReference; lastKnownFileType = sourcecode.swift; path = TodoListUITests.swift; sourceTree = "<group>"; };
		09836672229CCE7E001A1528 /* Info.plist */ = {isa = PBXFileReference; lastKnownFileType = text.plist.xml; path = Info.plist; sourceTree = "<group>"; };
/* End PBXFileReference section */

/* Begin PBXFrameworksBuildPhase section */
		09836648229CCE7D001A1528 /* Frameworks */ = {
			isa = PBXFrameworksBuildPhase;
			buildActionMask = 2147483647;
			files = (
			);
			runOnlyForDeploymentPostprocessing = 0;
		};
		0983665E229CCE7E001A1528 /* Frameworks */ = {
			isa = PBXFrameworksBuildPhase;
			buildActionMask = 2147483647;
			files = (
			);
			runOnlyForDeploymentPostprocessing = 0;
		};
		09836669229CCE7E001A1528 /* Frameworks */ = {
			isa = PBXFrameworksBuildPhase;
			buildActionMask = 2147483647;
			files = (
			);
			runOnlyForDeploymentPostprocessing = 0;
		};
/* End PBXFrameworksBuildPhase section */

/* Begin PBXGroup section */
		09836642229CCE7D001A1528 = {
			isa = PBXGroup;
			children = (
				0983664D229CCE7D001A1528 /* TodoList */,
				09836664229CCE7E001A1528 /* TodoListTests */,
				0983666F229CCE7E001A1528 /* TodoListUITests */,
				0983664C229CCE7D001A1528 /* Products */,
			);
			sourceTree = "<group>";
		};
		0983664C229CCE7D001A1528 /* Products */ = {
			isa = PBXGroup;
			children = (
				0983664B229CCE7D001A1528 /* TodoList.app */,
				09836661229CCE7E001A1528 /* TodoListTests.xctest */,
				0983666C229CCE7E001A1528 /* TodoListUITests.xctest */,
			);
			name = Products;
			sourceTree = "<group>";
		};
		0983664D229CCE7D001A1528 /* TodoList */ = {
			isa = PBXGroup;
			children = (
				0983664E229CCE7D001A1528 /* AppDelegate.swift */,
				09836650229CCE7D001A1528 /* FirstViewController.swift */,
				09836652229CCE7D001A1528 /* SecondViewController.swift */,
				09836654229CCE7D001A1528 /* Main.storyboard */,
				09836657229CCE7E001A1528 /* Assets.xcassets */,
				09836659229CCE7E001A1528 /* LaunchScreen.storyboard */,
				0983665C229CCE7E001A1528 /* Info.plist */,
			);
			path = TodoList;
			sourceTree = "<group>";
		};
		09836664229CCE7E001A1528 /* TodoListTests */ = {
			isa = PBXGroup;
			children = (
				09836665229CCE7E001A1528 /* TodoListTests.swift */,
				09836667229CCE7E001A1528 /* Info.plist */,
			);
			path = TodoListTests;
			sourceTree = "<group>";
		};
		0983666F229CCE7E001A1528 /* TodoListUITests */ = {
			isa = PBXGroup;
			children = (
				09836670229CCE7E001A1528 /* TodoListUITests.swift */,
				09836672229CCE7E001A1528 /* Info.plist */,
			);
			path = TodoListUITests;
			sourceTree = "<group>";
		};
/* End PBXGroup section */

/* Begin PBXNativeTarget section */
		0983664A229CCE7D001A1528 /* TodoList */ = {
			isa = PBXNativeTarget;
			buildConfigurationList = 09836675229CCE7E001A1528 /* Build configuration list for PBXNativeTarget "TodoList" */;
			buildPhases = (
				09836647229CCE7D001A1528 /* Sources */,
				09836648229CCE7D001A1528 /* Frameworks */,
				09836649229CCE7D001A1528 /* Resources */,
			);
			buildRules = (
			);
			dependencies = (
			);
			name = TodoList;
			productName = TodoList;
			productReference = 0983664B229CCE7D001A1528 /* TodoList.app */;
			productType = "com.apple.product-type.application";
		};
		09836660229CCE7E001A1528 /* TodoListTests */ = {
			isa = PBXNativeTarget;
			buildConfigurationList = 09836678229CCE7E001A1528 /* Build configuration list for PBXNativeTarget "TodoListTests" */;
			buildPhases = (
				0983665D229CCE7E001A1528 /* Sources */,
				0983665E229CCE7E001A1528 /* Frameworks */,
				0983665F229CCE7E001A1528 /* Resources */,
			);
			buildRules = (
			);
			dependencies = (
				09836663229CCE7E001A1528 /* PBXTargetDependency */,
			);
			name = TodoListTests;
			productName = TodoListTests;
			productReference = 09836661229CCE7E001A1528 /* TodoListTests.xctest */;
			productType = "com.apple.product-type.bundle.unit-test";
		};
		0983666B229CCE7E001A1528 /* TodoListUITests */ = {
			isa = PBXNativeTarget;
			buildConfigurationList = 0983667B229CCE7E001A1528 /* Build configuration list for PBXNativeTarget "TodoListUITests" */;
			buildPhases = (
				09836668229CCE7E001A1528 /* Sources */,
				09836669229CCE7E001A1528 /* Frameworks */,
				0983666A229CCE7E001A1528 /* Resources */,
			);
			buildRules = (
			);
			dependencies = (
				0983666E229CCE7E001A1528 /* PBXTargetDependency */,
			);
			name = TodoListUITests;
			productName = TodoListUITests;
			productReference = 0983666C229CCE7E001A1528 /* TodoListUITests.xctest */;
			productType = "com.apple.product-type.bundle.ui-testing";
		};
/* End PBXNativeTarget section */

/* Begin PBXProject section */
		09836643229CCE7D001A1528 /* Project object */ = {
			isa = PBXProject;
			attributes = {
				LastSwiftUpdateCheck = 1020;
				LastUpgradeCheck = 1020;
				ORGANIZATIONNAME = bamacedo;
				TargetAttributes = {
					0983664A229CCE7D001A1528 = {
						CreatedOnToolsVersion = 10.2.1;
					};
					09836660229CCE7E001A1528 = {
						CreatedOnToolsVersion = 10.2.1;
						TestTargetID = 0983664A229CCE7D001A1528;
					};
					0983666B229CCE7E001A1528 = {
						CreatedOnToolsVersion = 10.2.1;
						TestTargetID = 0983664A229CCE7D001A1528;
					};
				};
			};
			buildConfigurationList = 09836646229CCE7D001A1528 /* Build configuration list for PBXProject "TodoList" */;
			compatibilityVersion = "Xcode 9.3";
			developmentRegion = en;
			hasScannedForEncodings = 0;
			knownRegions = (
				en,
				Base,
			);
			mainGroup = 09836642229CCE7D001A1528;
			productRefGroup = 0983664C229CCE7D001A1528 /* Products */;
			projectDirPath = "";
			projectRoot = "";
			targets = (
				0983664A229CCE7D001A1528 /* TodoList */,
				09836660229CCE7E001A1528 /* TodoListTests */,
				0983666B229CCE7E001A1528 /* TodoListUITests */,
			);
		};
/* End PBXProject section */

/* Begin PBXResourcesBuildPhase section */
		09836649229CCE7D001A1528 /* Resources */ = {
			isa = PBXResourcesBuildPhase;
			buildActionMask = 2147483647;
			files = (
				0983665B229CCE7E001A1528 /* LaunchScreen.storyboard in Resources */,
				09836658229CCE7E001A1528 /* Assets.xcassets in Resources */,
				09836656229CCE7D001A1528 /* Main.storyboard in Resources */,
			);
			runOnlyForDeploymentPostprocessing = 0;
		};
		0983665F229CCE7E001A1528 /* Resources */ = {
			isa = PBXResourcesBuildPhase;
			buildActionMask = 2147483647;
			files = (
			);
			runOnlyForDeploymentPostprocessing = 0;
		};
		0983666A229CCE7E001A1528 /* Resources */ = {
			isa = PBXResourcesBuildPhase;
			buildActionMask = 2147483647;
			files = (
			);
			runOnlyForDeploymentPostprocessing = 0;
		};
/* End PBXResourcesBuildPhase section */

/* Begin PBXSourcesBuildPhase section */
		09836647229CCE7D001A1528 /* Sources */ = {
			isa = PBXSourcesBuildPhase;
			buildActionMask = 2147483647;
			files = (
				09836653229CCE7D001A1528 /* SecondViewController.swift in Sources */,
				0983664F229CCE7D001A1528 /* AppDelegate.swift in Sources */,
				09836651229CCE7D001A1528 /* FirstViewController.swift in Sources */,
			);
			runOnlyForDeploymentPostprocessing = 0;
		};
		0983665D229CCE7E001A1528 /* Sources */ = {
			isa = PBXSourcesBuildPhase;
			buildActionMask = 2147483647;
			files = (
				09836666229CCE7E001A1528 /* TodoListTests.swift in Sources */,
			);
			runOnlyForDeploymentPostprocessing = 0;
		};
		09836668229CCE7E001A1528 /* Sources */ = {
			isa = PBXSourcesBuildPhase;
			buildActionMask = 2147483647;
			files = (
				09836671229CCE7E001A1528 /* TodoListUITests.swift in Sources */,
			);
			runOnlyForDeploymentPostprocessing = 0;
		};
/* End PBXSourcesBuildPhase section */

/* Begin PBXTargetDependency section */
		09836663229CCE7E001A1528 /* PBXTargetDependency */ = {
			isa = PBXTargetDependency;
			target = 0983664A229CCE7D001A1528 /* TodoList */;
			targetProxy = 09836662229CCE7E001A1528 /* PBXContainerItemProxy */;
		};
		0983666E229CCE7E001A1528 /* PBXTargetDependency */ = {
			isa = PBXTargetDependency;
			target = 0983664A229CCE7D001A1528 /* TodoList */;
			targetProxy = 0983666D229CCE7E001A1528 /* PBXContainerItemProxy */;
		};
/* End PBXTargetDependency section */

/* Begin PBXVariantGroup section */
		09836654229CCE7D001A1528 /* Main.storyboard */ = {
			isa = PBXVariantGroup;
			children = (
				09836655229CCE7D001A1528 /* Base */,
			);
			name = Main.storyboard;
			sourceTree = "<group>";
		};
		09836659229CCE7E001A1528 /* LaunchScreen.storyboard */ = {
			isa = PBXVariantGroup;
			children = (
				0983665A229CCE7E001A1528 /* Base */,
			);
			name = LaunchScreen.storyboard;
			sourceTree = "<group>";
		};
/* End PBXVariantGroup section */

/* Begin XCBuildConfiguration section */
		09836673229CCE7E001A1528 /* Debug */ = {
			isa = XCBuildConfiguration;
			buildSettings = {
				ALWAYS_SEARCH_USER_PATHS = NO;
				CLANG_ANALYZER_NONNULL = YES;
				CLANG_ANALYZER_NUMBER_OBJECT_CONVERSION = YES_AGGRESSIVE;
				CLANG_CXX_LANGUAGE_STANDARD = "gnu++14";
				CLANG_CXX_LIBRARY = "libc++";
				CLANG_ENABLE_MODULES = YES;
				CLANG_ENABLE_OBJC_ARC = YES;
				CLANG_ENABLE_OBJC_WEAK = YES;
				CLANG_WARN_BLOCK_CAPTURE_AUTORELEASING = YES;
				CLANG_WARN_BOOL_CONVERSION = YES;
				CLANG_WARN_COMMA = YES;
				CLANG_WARN_CONSTANT_CONVERSION = YES;
				CLANG_WARN_DEPRECATED_OBJC_IMPLEMENTATIONS = YES;
				CLANG_WARN_DIRECT_OBJC_ISA_USAGE = YES_ERROR;
				CLANG_WARN_DOCUMENTATION_COMMENTS = YES;
				CLANG_WARN_EMPTY_BODY = YES;
				CLANG_WARN_ENUM_CONVERSION = YES;
				CLANG_WARN_INFINITE_RECURSION = YES;
				CLANG_WARN_INT_CONVERSION = YES;
				CLANG_WARN_NON_LITERAL_NULL_CONVERSION = YES;
				CLANG_WARN_OBJC_IMPLICIT_RETAIN_SELF = YES;
				CLANG_WARN_OBJC_LITERAL_CONVERSION = YES;
				CLANG_WARN_OBJC_ROOT_CLASS = YES_ERROR;
				CLANG_WARN_RANGE_LOOP_ANALYSIS = YES;
				CLANG_WARN_STRICT_PROTOTYPES = YES;
				CLANG_WARN_SUSPICIOUS_MOVE = YES;
				CLANG_WARN_UNGUARDED_AVAILABILITY = YES_AGGRESSIVE;
				CLANG_WARN_UNREACHABLE_CODE = YES;
				CLANG_WARN__DUPLICATE_METHOD_MATCH = YES;
				CODE_SIGN_IDENTITY = "iPhone Developer";
				COPY_PHASE_STRIP = NO;
				DEBUG_INFORMATION_FORMAT = dwarf;
				ENABLE_STRICT_OBJC_MSGSEND = YES;
				ENABLE_TESTABILITY = YES;
				GCC_C_LANGUAGE_STANDARD = gnu11;
				GCC_DYNAMIC_NO_PIC = NO;
				GCC_NO_COMMON_BLOCKS = YES;
				GCC_OPTIMIZATION_LEVEL = 0;
				GCC_PREPROCESSOR_DEFINITIONS = (
					"DEBUG=1",
					"$(inherited)",
				);
				GCC_WARN_64_TO_32_BIT_CONVERSION = YES;
				GCC_WARN_ABOUT_RETURN_TYPE = YES_ERROR;
				GCC_WARN_UNDECLARED_SELECTOR = YES;
				GCC_WARN_UNINITIALIZED_AUTOS = YES_AGGRESSIVE;
				GCC_WARN_UNUSED_FUNCTION = YES;
				GCC_WARN_UNUSED_VARIABLE = YES;
				IPHONEOS_DEPLOYMENT_TARGET = 12.2;
				MTL_ENABLE_DEBUG_INFO = INCLUDE_SOURCE;
				MTL_FAST_MATH = YES;
				ONLY_ACTIVE_ARCH = YES;
				SDKROOT = iphoneos;
				SWIFT_ACTIVE_COMPILATION_CONDITIONS = DEBUG;
				SWIFT_OPTIMIZATION_LEVEL = "-Onone";
			};
			name = Debug;
		};
		09836674229CCE7E001A1528 /* Release */ = {
			isa = XCBuildConfiguration;
			buildSettings = {
				ALWAYS_SEARCH_USER_PATHS = NO;
				CLANG_ANALYZER_NONNULL = YES;
				CLANG_ANALYZER_NUMBER_OBJECT_CONVERSION = YES_AGGRESSIVE;
				CLANG_CXX_LANGUAGE_STANDARD = "gnu++14";
				CLANG_CXX_LIBRARY = "libc++";
				CLANG_ENABLE_MODULES = YES;
				CLANG_ENABLE_OBJC_ARC = YES;
				CLANG_ENABLE_OBJC_WEAK = YES;
				CLANG_WARN_BLOCK_CAPTURE_AUTORELEASING = YES;
				CLANG_WARN_BOOL_CONVERSION = YES;
				CLANG_WARN_COMMA = YES;
				CLANG_WARN_CONSTANT_CONVERSION = YES;
				CLANG_WARN_DEPRECATED_OBJC_IMPLEMENTATIONS = YES;
				CLANG_WARN_DIRECT_OBJC_ISA_USAGE = YES_ERROR;
				CLANG_WARN_DOCUMENTATION_COMMENTS = YES;
				CLANG_WARN_EMPTY_BODY = YES;
				CLANG_WARN_ENUM_CONVERSION = YES;
				CLANG_WARN_INFINITE_RECURSION = YES;
				CLANG_WARN_INT_CONVERSION = YES;
				CLANG_WARN_NON_LITERAL_NULL_CONVERSION = YES;
				CLANG_WARN_OBJC_IMPLICIT_RETAIN_SELF = YES;
				CLANG_WARN_OBJC_LITERAL_CONVERSION = YES;
				CLANG_WARN_OBJC_ROOT_CLASS = YES_ERROR;
				CLANG_WARN_RANGE_LOOP_ANALYSIS = YES;
				CLANG_WARN_STRICT_PROTOTYPES = YES;
				CLANG_WARN_SUSPICIOUS_MOVE = YES;
				CLANG_WARN_UNGUARDED_AVAILABILITY = YES_AGGRESSIVE;
				CLANG_WARN_UNREACHABLE_CODE = YES;
				CLANG_WARN__DUPLICATE_METHOD_MATCH = YES;
				CODE_SIGN_IDENTITY = "iPhone Developer";
				COPY_PHASE_STRIP = NO;
				DEBUG_INFORMATION_FORMAT = "dwarf-with-dsym";
				ENABLE_NS_ASSERTIONS = NO;
				ENABLE_STRICT_OBJC_MSGSEND = YES;
				GCC_C_LANGUAGE_STANDARD = gnu11;
				GCC_NO_COMMON_BLOCKS = YES;
				GCC_WARN_64_TO_32_BIT_CONVERSION = YES;
				GCC_WARN_ABOUT_RETURN_TYPE = YES_ERROR;
				GCC_WARN_UNDECLARED_SELECTOR = YES;
				GCC_WARN_UNINITIALIZED_AUTOS = YES_AGGRESSIVE;
				GCC_WARN_UNUSED_FUNCTION = YES;
				GCC_WARN_UNUSED_VARIABLE = YES;
				IPHONEOS_DEPLOYMENT_TARGET = 12.2;
				MTL_ENABLE_DEBUG_INFO = NO;
				MTL_FAST_MATH = YES;
				SDKROOT = iphoneos;
				SWIFT_COMPILATION_MODE = wholemodule;
				SWIFT_OPTIMIZATION_LEVEL = "-O";
				VALIDATE_PRODUCT = YES;
			};
			name = Release;
		};
		09836676229CCE7E001A1528 /* Debug */ = {
			isa = XCBuildConfiguration;
			buildSettings = {
				ASSETCATALOG_COMPILER_APPICON_NAME = AppIcon;
				CODE_SIGN_STYLE = Automatic;
				INFOPLIST_FILE = TodoList/Info.plist;
				LD_RUNPATH_SEARCH_PATHS = (
					"$(inherited)",
					"@executable_path/Frameworks",
				);
				PRODUCT_BUNDLE_IDENTIFIER = com.bamacedo.TodoList;
				PRODUCT_NAME = "$(TARGET_NAME)";
				SWIFT_VERSION = 5.0;
				TARGETED_DEVICE_FAMILY = "1,2";
			};
			name = Debug;
		};
		09836677229CCE7E001A1528 /* Release */ = {
			isa = XCBuildConfiguration;
			buildSettings = {
				ASSETCATALOG_COMPILER_APPICON_NAME = AppIcon;
				CODE_SIGN_STYLE = Automatic;
				INFOPLIST_FILE = TodoList/Info.plist;
				LD_RUNPATH_SEARCH_PATHS = (
					"$(inherited)",
					"@executable_path/Frameworks",
				);
				PRODUCT_BUNDLE_IDENTIFIER = com.bamacedo.TodoList;
				PRODUCT_NAME = "$(TARGET_NAME)";
				SWIFT_VERSION = 5.0;
				TARGETED_DEVICE_FAMILY = "1,2";
			};
			name = Release;
		};
		09836679229CCE7E001A1528 /* Debug */ = {
			isa = XCBuildConfiguration;
			buildSettings = {
				ALWAYS_EMBED_SWIFT_STANDARD_LIBRARIES = YES;
				BUNDLE_LOADER = "$(TEST_HOST)";
				CODE_SIGN_STYLE = Automatic;
				INFOPLIST_FILE = TodoListTests/Info.plist;
				LD_RUNPATH_SEARCH_PATHS = (
					"$(inherited)",
					"@executable_path/Frameworks",
					"@loader_path/Frameworks",
				);
				PRODUCT_BUNDLE_IDENTIFIER = com.bamacedo.TodoListTests;
				PRODUCT_NAME = "$(TARGET_NAME)";
				SWIFT_VERSION = 5.0;
				TARGETED_DEVICE_FAMILY = "1,2";
				TEST_HOST = "$(BUILT_PRODUCTS_DIR)/TodoList.app/TodoList";
			};
			name = Debug;
		};
		0983667A229CCE7E001A1528 /* Release */ = {
			isa = XCBuildConfiguration;
			buildSettings = {
				ALWAYS_EMBED_SWIFT_STANDARD_LIBRARIES = YES;
				BUNDLE_LOADER = "$(TEST_HOST)";
				CODE_SIGN_STYLE = Automatic;
				INFOPLIST_FILE = TodoListTests/Info.plist;
				LD_RUNPATH_SEARCH_PATHS = (
					"$(inherited)",
					"@executable_path/Frameworks",
					"@loader_path/Frameworks",
				);
				PRODUCT_BUNDLE_IDENTIFIER = com.bamacedo.TodoListTests;
				PRODUCT_NAME = "$(TARGET_NAME)";
				SWIFT_VERSION = 5.0;
				TARGETED_DEVICE_FAMILY = "1,2";
				TEST_HOST = "$(BUILT_PRODUCTS_DIR)/TodoList.app/TodoList";
			};
			name = Release;
		};
		0983667C229CCE7E001A1528 /* Debug */ = {
			isa = XCBuildConfiguration;
			buildSettings = {
				ALWAYS_EMBED_SWIFT_STANDARD_LIBRARIES = YES;
				CODE_SIGN_STYLE = Automatic;
				INFOPLIST_FILE = TodoListUITests/Info.plist;
				LD_RUNPATH_SEARCH_PATHS = (
					"$(inherited)",
					"@executable_path/Frameworks",
					"@loader_path/Frameworks",
				);
				PRODUCT_BUNDLE_IDENTIFIER = com.bamacedo.TodoListUITests;
				PRODUCT_NAME = "$(TARGET_NAME)";
				SWIFT_VERSION = 5.0;
				TARGETED_DEVICE_FAMILY = "1,2";
				TEST_TARGET_NAME = TodoList;
			};
			name = Debug;
		};
		0983667D229CCE7E001A1528 /* Release */ = {
			isa = XCBuildConfiguration;
			buildSettings = {
				ALWAYS_EMBED_SWIFT_STANDARD_LIBRARIES = YES;
				CODE_SIGN_STYLE = Automatic;
				INFOPLIST_FILE = TodoListUITests/Info.plist;
				LD_RUNPATH_SEARCH_PATHS = (
					"$(inherited)",
					"@executable_path/Frameworks",
					"@loader_path/Frameworks",
				);
				PRODUCT_BUNDLE_IDENTIFIER = com.bamacedo.TodoListUITests;
				PRODUCT_NAME = "$(TARGET_NAME)";
				SWIFT_VERSION = 5.0;
				TARGETED_DEVICE_FAMILY = "1,2";
				TEST_TARGET_NAME = TodoList;
			};
			name = Release;
		};
/* End XCBuildConfiguration section */

/* Begin XCConfigurationList section */
		09836646229CCE7D001A1528 /* Build configuration list for PBXProject "TodoList" */ = {
			isa = XCConfigurationList;
			buildConfigurations = (
				09836673229CCE7E001A1528 /* Debug */,
				09836674229CCE7E001A1528 /* Release */,
			);
			defaultConfigurationIsVisible = 0;
			defaultConfigurationName = Release;
		};
		09836675229CCE7E001A1528 /* Build configuration list for PBXNativeTarget "TodoList" */ = {
			isa = XCConfigurationList;
			buildConfigurations = (
				09836676229CCE7E001A1528 /* Debug */,
				09836677229CCE7E001A1528 /* Release */,
			);
			defaultConfigurationIsVisible = 0;
			defaultConfigurationName = Release;
		};
		09836678229CCE7E001A1528 /* Build configuration list for PBXNativeTarget "TodoListTests" */ = {
			isa = XCConfigurationList;
			buildConfigurations = (
				09836679229CCE7E001A1528 /* Debug */,
				0983667A229CCE7E001A1528 /* Release */,
			);
			defaultConfigurationIsVisible = 0;
			defaultConfigurationName = Release;
		};
		0983667B229CCE7E001A1528 /* Build configuration list for PBXNativeTarget "TodoListUITests" */ = {
			isa = XCConfigurationList;
			buildConfigurations = (
				0983667C229CCE7E001A1528 /* Debug */,
				0983667D229CCE7E001A1528 /* Release */,
			);
			defaultConfigurationIsVisible = 0;
			defaultConfigurationName = Release;
		};
/* End XCConfigurationList section */
	};
	rootObject = 09836643229CCE7D001A1528 /* Project object */;
}
